
Microsoft Visual Studio Solution File, Format Version 12.00
# Visual Studio Version 17
VisualStudioVersion = 17.9.34622.214
MinimumVisualStudioVersion = 10.0.40219.1
Project("{FAE04EC0-301F-11D3-BF4B-00C04F79EFBC}") = "PowerBuilder.Server", "PowerBuilder.Server\PowerBuilder.Server.csproj", "{003F28EC-E72F-4E39-99C4-E0C51E255DFD}"
EndProject
Project("{54A90642-561A-4BB1-A94E-469ADEE60C69}") = "powerbuilder.client", "powerbuilder.client\powerbuilder.client.esproj", "{AA3FFECC-5D1F-45E2-8255-45D83D67B12B}"
EndProject
Global
	GlobalSection(SolutionConfigurationPlatforms) = preSolution
		Debug|Any CPU = Debug|Any CPU
		Release|Any CPU = Release|Any CPU
	EndGlobalSection
	GlobalSection(ProjectConfigurationPlatforms) = postSolution
		{003F28EC-E72F-4E39-99C4-E0C51E255DFD}.Debug|Any CPU.ActiveCfg = Debug|Any CPU
		{003F28EC-E72F-4E39-99C4-E0C51E255DFD}.Debug|Any CPU.Build.0 = Debug|Any CPU
		{003F28EC-E72F-4E39-99C4-E0C51E255DFD}.Release|Any CPU.ActiveCfg = Release|Any CPU
		{003F28EC-E72F-4E39-99C4-E0C51E255DFD}.Release|Any CPU.Build.0 = Release|Any CPU
		{AA3FFECC-5D1F-45E2-8255-45D83D67B12B}.Debug|Any CPU.ActiveCfg = Debug|Any CPU
		{AA3FFECC-5D1F-45E2-8255-45D83D67B12B}.Debug|Any CPU.Build.0 = Debug|Any CPU
		{AA3FFECC-5D1F-45E2-8255-45D83D67B12B}.Debug|Any CPU.Deploy.0 = Debug|Any CPU
		{AA3FFECC-5D1F-45E2-8255-45D83D67B12B}.Release|Any CPU.ActiveCfg = Release|Any CPU
		{AA3FFECC-5D1F-45E2-8255-45D83D67B12B}.Release|Any CPU.Build.0 = Release|Any CPU
		{AA3FFECC-5D1F-45E2-8255-45D83D67B12B}.Release|Any CPU.Deploy.0 = Release|Any CPU
	EndGlobalSection
	GlobalSection(SolutionProperties) = preSolution
		HideSolutionNode = FALSE
	EndGlobalSection
	GlobalSection(ExtensibilityGlobals) = postSolution
		SolutionGuid = {C802798F-71BC-4AA8-B78F-67A4EF965250}
	EndGlobalSection
EndGlobal
